
Microsoft Visual Studio Solution File, Format Version 12.00
# Visual Studio 14
VisualStudioVersion = 14.0.25420.1
MinimumVisualStudioVersion = 10.0.40219.1
Project("{2150E333-8FDC-42A3-9474-1A3956D46DE8}") = "src", "src", "{356ACD7D-DBAD-4DC6-AA44-47EFF86CFCC0}"
EndProject
Project("{2150E333-8FDC-42A3-9474-1A3956D46DE8}") = "Solution Items", "Solution Items", "{664119FC-D6A0-462F-BA8A-6B83CD180AC8}"
	ProjectSection(SolutionItems) = preProject
		global.json = global.json
	EndProjectSection
EndProject
Project("{8BB2217D-0F2D-49D1-97BC-3654ED321F3B}") = "PREG.API", "src\PREG.API\PREG.API.xproj", "{3B3ED62F-B189-40E9-B4B9-A3F22CD147E0}"
EndProject
Project("{FAE04EC0-301F-11D3-BF4B-00C04F79EFBC}") = "MigrateFromOracleToSql", "MigrateFromOracleToSql\MigrateFromOracleToSql.csproj", "{D992EA20-7634-44B5-B7EF-CCBA53F5E1B8}"
EndProject
Global
	GlobalSection(SolutionConfigurationPlatforms) = preSolution
		Debug|Any CPU = Debug|Any CPU
		Release|Any CPU = Release|Any CPU
	EndGlobalSection
	GlobalSection(ProjectConfigurationPlatforms) = postSolution
		{3B3ED62F-B189-40E9-B4B9-A3F22CD147E0}.Debug|Any CPU.ActiveCfg = Debug|Any CPU
		{3B3ED62F-B189-40E9-B4B9-A3F22CD147E0}.Debug|Any CPU.Build.0 = Debug|Any CPU
		{3B3ED62F-B189-40E9-B4B9-A3F22CD147E0}.Release|Any CPU.ActiveCfg = Release|Any CPU
		{3B3ED62F-B189-40E9-B4B9-A3F22CD147E0}.Release|Any CPU.Build.0 = Release|Any CPU
		{D992EA20-7634-44B5-B7EF-CCBA53F5E1B8}.Debug|Any CPU.ActiveCfg = Debug|Any CPU
		{D992EA20-7634-44B5-B7EF-CCBA53F5E1B8}.Debug|Any CPU.Build.0 = Debug|Any CPU
		{D992EA20-7634-44B5-B7EF-CCBA53F5E1B8}.Release|Any CPU.ActiveCfg = Release|Any CPU
		{D992EA20-7634-44B5-B7EF-CCBA53F5E1B8}.Release|Any CPU.Build.0 = Release|Any CPU
	EndGlobalSection
	GlobalSection(SolutionProperties) = preSolution
		HideSolutionNode = FALSE
	EndGlobalSection
	GlobalSection(NestedProjects) = preSolution
		{3B3ED62F-B189-40E9-B4B9-A3F22CD147E0} = {356ACD7D-DBAD-4DC6-AA44-47EFF86CFCC0}
	EndGlobalSection
EndGlobal
